
Microsoft Visual Studio Solution File, Format Version 12.00
# Visual Studio 14
VisualStudioVersion = 14.0.24720.0
MinimumVisualStudioVersion = 10.0.40219.1
Project("{FAE04EC0-301F-11D3-BF4B-00C04F79EFBC}") = "DUD", "DUD\DUD.csproj", "{0EB43B80-B9B8-4AFE-A8DD-E0407352BD8C}"
EndProject
Project("{FAE04EC0-301F-11D3-BF4B-00C04F79EFBC}") = "UsbDriveDetector", "UsbDriveDetector\UsbDriveDetector.csproj", "{417E7734-5718-43AA-95E5-3D98F8F2BA5E}"
EndProject
Project("{FAE04EC0-301F-11D3-BF4B-00C04F79EFBC}") = "UDDService", "UDDService\UDDService.csproj", "{4FC08869-478A-4C2F-AA1A-E155AC7B153D}"
EndProject
Global
	GlobalSection(SolutionConfigurationPlatforms) = preSolution
		Debug|Any CPU = Debug|Any CPU
		Release|Any CPU = Release|Any CPU
	EndGlobalSection
	GlobalSection(ProjectConfigurationPlatforms) = postSolution
		{0EB43B80-B9B8-4AFE-A8DD-E0407352BD8C}.Debug|Any CPU.ActiveCfg = Debug|Any CPU
		{0EB43B80-B9B8-4AFE-A8DD-E0407352BD8C}.Debug|Any CPU.Build.0 = Debug|Any CPU
		{0EB43B80-B9B8-4AFE-A8DD-E0407352BD8C}.Release|Any CPU.ActiveCfg = Release|Any CPU
		{0EB43B80-B9B8-4AFE-A8DD-E0407352BD8C}.Release|Any CPU.Build.0 = Release|Any CPU
		{417E7734-5718-43AA-95E5-3D98F8F2BA5E}.Debug|Any CPU.ActiveCfg = Debug|Any CPU
		{417E7734-5718-43AA-95E5-3D98F8F2BA5E}.Debug|Any CPU.Build.0 = Debug|Any CPU
		{417E7734-5718-43AA-95E5-3D98F8F2BA5E}.Release|Any CPU.ActiveCfg = Release|Any CPU
		{417E7734-5718-43AA-95E5-3D98F8F2BA5E}.Release|Any CPU.Build.0 = Release|Any CPU
		{4FC08869-478A-4C2F-AA1A-E155AC7B153D}.Debug|Any CPU.ActiveCfg = Debug|Any CPU
		{4FC08869-478A-4C2F-AA1A-E155AC7B153D}.Debug|Any CPU.Build.0 = Debug|Any CPU
		{4FC08869-478A-4C2F-AA1A-E155AC7B153D}.Release|Any CPU.ActiveCfg = Release|Any CPU
		{4FC08869-478A-4C2F-AA1A-E155AC7B153D}.Release|Any CPU.Build.0 = Release|Any CPU
	EndGlobalSection
	GlobalSection(SolutionProperties) = preSolution
		HideSolutionNode = FALSE
	EndGlobalSection
EndGlobal
